// !$*UTF8*$!
{
	archiveVersion = 1;
	classes = {
	};
	objectVersion = 50;
	objects = {

/* Begin PBXBuildFile section */
		6F29FD4F22B7E28700BCA2AB /* OverlaySpinner.swift in Sources */ = {isa = PBXBuildFile; fileRef = 6F29FD4E22B7E28700BCA2AB /* OverlaySpinner.swift */; };
		6F29FD5122B8B36400BCA2AB /* FollowUpCell.swift in Sources */ = {isa = PBXBuildFile; fileRef = 6F29FD5022B8B36400BCA2AB /* FollowUpCell.swift */; };
		6F29FD5322B8FFD100BCA2AB /* CustomHeaderView.swift in Sources */ = {isa = PBXBuildFile; fileRef = 6F29FD5222B8FFD100BCA2AB /* CustomHeaderView.swift */; };
		6F29FD5522B909A600BCA2AB /* TextInputCell.swift in Sources */ = {isa = PBXBuildFile; fileRef = 6F29FD5422B909A600BCA2AB /* TextInputCell.swift */; };
		6F29FD5722BBB1C300BCA2AB /* CustomerDetailsViewController.swift in Sources */ = {isa = PBXBuildFile; fileRef = 6F29FD5622BBB1C100BCA2AB /* CustomerDetailsViewController.swift */; };
		6F6EAB3122A508380096365A /* InternalConversation.swift in Sources */ = {isa = PBXBuildFile; fileRef = 6F6EAB3022A508380096365A /* InternalConversation.swift */; };
		6F9011D422AC3B130046F5E3 /* ChatViewController.swift in Sources */ = {isa = PBXBuildFile; fileRef = 6F9011D322AC3B130046F5E3 /* ChatViewController.swift */; };
		6F9011D622ACCA900046F5E3 /* Message.swift in Sources */ = {isa = PBXBuildFile; fileRef = 6F9011D522ACCA900046F5E3 /* Message.swift */; };
		6F9011D822B12BC40046F5E3 /* SMSDetailVCCoreDataHelpers.swift in Sources */ = {isa = PBXBuildFile; fileRef = 6F9011D722B12BC40046F5E3 /* SMSDetailVCCoreDataHelpers.swift */; };
		6FB11AE4229BDDBD0098D050 /* AppDelegate.swift in Sources */ = {isa = PBXBuildFile; fileRef = 6FB11AE3229BDDBD0098D050 /* AppDelegate.swift */; };
		6FB11AE9229BDDBD0098D050 /* Main.storyboard in Resources */ = {isa = PBXBuildFile; fileRef = 6FB11AE7229BDDBD0098D050 /* Main.storyboard */; };
		6FB11AEB229BDDBE0098D050 /* Assets.xcassets in Resources */ = {isa = PBXBuildFile; fileRef = 6FB11AEA229BDDBE0098D050 /* Assets.xcassets */; };
		6FB11AF8229BE2400098D050 /* Gotham-Medium.otf in Resources */ = {isa = PBXBuildFile; fileRef = 6FB11AF6229BE2400098D050 /* Gotham-Medium.otf */; };
		6FB11AF9229BE2400098D050 /* Gotham-Book.otf in Resources */ = {isa = PBXBuildFile; fileRef = 6FB11AF7229BE2400098D050 /* Gotham-Book.otf */; };
		6FB11AFB229BF0590098D050 /* TabBarController.swift in Sources */ = {isa = PBXBuildFile; fileRef = 6FB11AFA229BF0590098D050 /* TabBarController.swift */; };
		6FB11AFD229BF36B0098D050 /* LaunchScreen.storyboard in Resources */ = {isa = PBXBuildFile; fileRef = 6FB11AFC229BF36B0098D050 /* LaunchScreen.storyboard */; };
		6FB11B05229BFA120098D050 /* HomeViewController.swift in Sources */ = {isa = PBXBuildFile; fileRef = 6FB11B04229BFA120098D050 /* HomeViewController.swift */; };
		6FB11B07229BFA240098D050 /* CallsViewController.swift in Sources */ = {isa = PBXBuildFile; fileRef = 6FB11B06229BFA240098D050 /* CallsViewController.swift */; };
		6FB11B09229BFA310098D050 /* SMSViewController.swift in Sources */ = {isa = PBXBuildFile; fileRef = 6FB11B08229BFA310098D050 /* SMSViewController.swift */; };
		6FB11B0B229BFA3C0098D050 /* SettingsViewController.swift in Sources */ = {isa = PBXBuildFile; fileRef = 6FB11B0A229BFA3C0098D050 /* SettingsViewController.swift */; };
		6FB11B0D229BFA430098D050 /* MoreViewController.swift in Sources */ = {isa = PBXBuildFile; fileRef = 6FB11B0C229BFA430098D050 /* MoreViewController.swift */; };
		6FB11B10229C23840098D050 /* Extensions.swift in Sources */ = {isa = PBXBuildFile; fileRef = 6FB11B0F229C23840098D050 /* Extensions.swift */; };
		6FB11B12229C31DF0098D050 /* Enums.swift in Sources */ = {isa = PBXBuildFile; fileRef = 6FB11B11229C31DF0098D050 /* Enums.swift */; };
		6FB11B14229C3FCA0098D050 /* BadgeBarItem.swift in Sources */ = {isa = PBXBuildFile; fileRef = 6FB11B13229C3FCA0098D050 /* BadgeBarItem.swift */; };
		6FB11B16229D05E00098D050 /* UserDefaults.swift in Sources */ = {isa = PBXBuildFile; fileRef = 6FB11B15229D05E00098D050 /* UserDefaults.swift */; };
		6FB11B19229D06BB0098D050 /* CustomUtils.swift in Sources */ = {isa = PBXBuildFile; fileRef = 6FB11B18229D06BB0098D050 /* CustomUtils.swift */; };
		6FB11B1B229D07050098D050 /* LoginViewController.swift in Sources */ = {isa = PBXBuildFile; fileRef = 6FB11B1A229D07050098D050 /* LoginViewController.swift */; };
		6FB11B1D229D19E10098D050 /* NetworkManager.swift in Sources */ = {isa = PBXBuildFile; fileRef = 6FB11B1C229D19E10098D050 /* NetworkManager.swift */; };
		6FB11B1F229D88510098D050 /* SectionItem.swift in Sources */ = {isa = PBXBuildFile; fileRef = 6FB11B1E229D88510098D050 /* SectionItem.swift */; };
		6FB11B21229D894A0098D050 /* SectionItemCell.swift in Sources */ = {isa = PBXBuildFile; fileRef = 6FB11B20229D894A0098D050 /* SectionItemCell.swift */; };
		6FB11B25229E59F00098D050 /* Config.swift in Sources */ = {isa = PBXBuildFile; fileRef = 6FB11B24229E59F00098D050 /* Config.swift */; };
		6FB11B27229E5F6F0098D050 /* AuthenticationService.swift in Sources */ = {isa = PBXBuildFile; fileRef = 6FB11B26229E5F6F0098D050 /* AuthenticationService.swift */; };
		6FB11B29229E75710098D050 /* FirebaseAuthService.swift in Sources */ = {isa = PBXBuildFile; fileRef = 6FB11B28229E75710098D050 /* FirebaseAuthService.swift */; };
		6FB11B2B229EA7C20098D050 /* Codable.swift in Sources */ = {isa = PBXBuildFile; fileRef = 6FB11B2A229EA7C20098D050 /* Codable.swift */; };
		6FB11B2D229EB4C40098D050 /* RemindersViewController.swift in Sources */ = {isa = PBXBuildFile; fileRef = 6FB11B2C229EB4C40098D050 /* RemindersViewController.swift */; };
		6FB11B2F229EB4F20098D050 /* FollowUpViewController.swift in Sources */ = {isa = PBXBuildFile; fileRef = 6FB11B2E229EB4F20098D050 /* FollowUpViewController.swift */; };
		6FB11B31229EB5020098D050 /* CallGroupsViewController.swift in Sources */ = {isa = PBXBuildFile; fileRef = 6FB11B30229EB5020098D050 /* CallGroupsViewController.swift */; };
		6FB11B33229EB5190098D050 /* OnlineUsersViewController.swift in Sources */ = {isa = PBXBuildFile; fileRef = 6FB11B32229EB5190098D050 /* OnlineUsersViewController.swift */; };
		6FB11B35229ED6750098D050 /* GoogleService-Info.plist in Resources */ = {isa = PBXBuildFile; fileRef = 6FB11B34229ED6740098D050 /* GoogleService-Info.plist */; };
		6FB11B37229EF4300098D050 /* ManageAgentsViewController.swift in Sources */ = {isa = PBXBuildFile; fileRef = 6FB11B36229EF42F0098D050 /* ManageAgentsViewController.swift */; };
		6FB11B39229EF4430098D050 /* GalleryViewController.swift in Sources */ = {isa = PBXBuildFile; fileRef = 6FB11B38229EF4430098D050 /* GalleryViewController.swift */; };
		6FB11B3B229EF4500098D050 /* BlockedUsersViewController.swift in Sources */ = {isa = PBXBuildFile; fileRef = 6FB11B3A229EF4500098D050 /* BlockedUsersViewController.swift */; };
		6FB11B3D229EF4690098D050 /* ArchivedSMSViewController.swift in Sources */ = {isa = PBXBuildFile; fileRef = 6FB11B3C229EF4690098D050 /* ArchivedSMSViewController.swift */; };
		6FB11B41229F7A290098D050 /* ManageAgentsCell.swift in Sources */ = {isa = PBXBuildFile; fileRef = 6FB11B40229F7A290098D050 /* ManageAgentsCell.swift */; };
		6FB11B4422A2A2E10098D050 /* Telabook.xcdatamodeld in Sources */ = {isa = PBXBuildFile; fileRef = 6FB11B4222A2A2E10098D050 /* Telabook.xcdatamodeld */; };
		6FB11B4622A2A5110098D050 /* PersistenceService.swift in Sources */ = {isa = PBXBuildFile; fileRef = 6FB11B4522A2A5110098D050 /* PersistenceService.swift */; };
		6FB11B4922A503E00098D050 /* SMSCell.swift in Sources */ = {isa = PBXBuildFile; fileRef = 6FB11B4822A503E00098D050 /* SMSCell.swift */; };
		6FB8EA3F22AA34B600294EAC /* ChatColorHelpers.swift in Sources */ = {isa = PBXBuildFile; fileRef = 6FB8EA3E22AA34B600294EAC /* ChatColorHelpers.swift */; };
		6FB8EA4122AA371900294EAC /* SMSDetailVCExtensions.swift in Sources */ = {isa = PBXBuildFile; fileRef = 6FB8EA4022AA371900294EAC /* SMSDetailVCExtensions.swift */; };
		6FB8EA4322AA596A00294EAC /* ChatArchivingHelpers.swift in Sources */ = {isa = PBXBuildFile; fileRef = 6FB8EA4222AA596A00294EAC /* ChatArchivingHelpers.swift */; };
		6FB8EA4522AA6BCE00294EAC /* SMSVCExtensions.swift in Sources */ = {isa = PBXBuildFile; fileRef = 6FB8EA4422AA6BCE00294EAC /* SMSVCExtensions.swift */; };
		6FBDEC7622B28D4D00A8511E /* NewContactViewController.swift in Sources */ = {isa = PBXBuildFile; fileRef = 6FBDEC7522B28D4D00A8511E /* NewContactViewController.swift */; };
		6FBDEC7822B28D5E00A8511E /* EditDetailsViewController.swift in Sources */ = {isa = PBXBuildFile; fileRef = 6FBDEC7722B28D5E00A8511E /* EditDetailsViewController.swift */; };
		6FBDEC7A22B3D3C200A8511E /* SMSDetailVCChatExtensions.swift in Sources */ = {isa = PBXBuildFile; fileRef = 6FBDEC7922B3D3C200A8511E /* SMSDetailVCChatExtensions.swift */; };
		6FBDEC7C22B3F1DA00A8511E /* SMSDetailVC+CollectionView.swift in Sources */ = {isa = PBXBuildFile; fileRef = 6FBDEC7B22B3F1DA00A8511E /* SMSDetailVC+CollectionView.swift */; };
		6FEF96A022A50F4A00F2FF83 /* InternalConversationsAPI.swift in Sources */ = {isa = PBXBuildFile; fileRef = 6FEF969F22A50F4A00F2FF83 /* InternalConversationsAPI.swift */; };
		6FEF96A222A6677900F2FF83 /* ExternalConversation.swift in Sources */ = {isa = PBXBuildFile; fileRef = 6FEF96A122A6677900F2FF83 /* ExternalConversation.swift */; };
		6FEF96A422A6679400F2FF83 /* ExternalConversationsAPI.swift in Sources */ = {isa = PBXBuildFile; fileRef = 6FEF96A322A6679400F2FF83 /* ExternalConversationsAPI.swift */; };
		6FEF96A622A67F2900F2FF83 /* SMSDetailViewController.swift in Sources */ = {isa = PBXBuildFile; fileRef = 6FEF96A522A67F2900F2FF83 /* SMSDetailViewController.swift */; };
		6FEF96A822A682E700F2FF83 /* SMSDetailCell.swift in Sources */ = {isa = PBXBuildFile; fileRef = 6FEF96A722A682E700F2FF83 /* SMSDetailCell.swift */; };
		6FEF96AA22A7BDCA00F2FF83 /* ExternalConversationsAPIProtocol.swift in Sources */ = {isa = PBXBuildFile; fileRef = 6FEF96A922A7BDCA00F2FF83 /* ExternalConversationsAPIProtocol.swift */; };
		75CA0A53E250757B0D89EA60 /* Pods_Telabook.framework in Frameworks */ = {isa = PBXBuildFile; fileRef = 1482E3F11B70E4874878A5EE /* Pods_Telabook.framework */; };
/* End PBXBuildFile section */

/* Begin PBXFileReference section */
		1482E3F11B70E4874878A5EE /* Pods_Telabook.framework */ = {isa = PBXFileReference; explicitFileType = wrapper.framework; includeInIndex = 0; path = Pods_Telabook.framework; sourceTree = BUILT_PRODUCTS_DIR; };
		6F29FD4E22B7E28700BCA2AB /* OverlaySpinner.swift */ = {isa = PBXFileReference; lastKnownFileType = sourcecode.swift; path = OverlaySpinner.swift; sourceTree = "<group>"; };
		6F29FD5022B8B36400BCA2AB /* FollowUpCell.swift */ = {isa = PBXFileReference; lastKnownFileType = sourcecode.swift; path = FollowUpCell.swift; sourceTree = "<group>"; };
		6F29FD5222B8FFD100BCA2AB /* CustomHeaderView.swift */ = {isa = PBXFileReference; lastKnownFileType = sourcecode.swift; path = CustomHeaderView.swift; sourceTree = "<group>"; };
		6F29FD5422B909A600BCA2AB /* TextInputCell.swift */ = {isa = PBXFileReference; lastKnownFileType = sourcecode.swift; path = TextInputCell.swift; sourceTree = "<group>"; };
		6F29FD5622BBB1C100BCA2AB /* CustomerDetailsViewController.swift */ = {isa = PBXFileReference; lastKnownFileType = sourcecode.swift; path = CustomerDetailsViewController.swift; sourceTree = "<group>"; };
		6F6EAB3022A508380096365A /* InternalConversation.swift */ = {isa = PBXFileReference; lastKnownFileType = sourcecode.swift; path = InternalConversation.swift; sourceTree = "<group>"; };
		6F9011D322AC3B130046F5E3 /* ChatViewController.swift */ = {isa = PBXFileReference; lastKnownFileType = sourcecode.swift; path = ChatViewController.swift; sourceTree = "<group>"; };
		6F9011D522ACCA900046F5E3 /* Message.swift */ = {isa = PBXFileReference; lastKnownFileType = sourcecode.swift; path = Message.swift; sourceTree = "<group>"; };
		6F9011D722B12BC40046F5E3 /* SMSDetailVCCoreDataHelpers.swift */ = {isa = PBXFileReference; lastKnownFileType = sourcecode.swift; path = SMSDetailVCCoreDataHelpers.swift; sourceTree = "<group>"; };
		6FB11AE0229BDDBD0098D050 /* Telabook.app */ = {isa = PBXFileReference; explicitFileType = wrapper.application; includeInIndex = 0; path = Telabook.app; sourceTree = BUILT_PRODUCTS_DIR; };
		6FB11AE3229BDDBD0098D050 /* AppDelegate.swift */ = {isa = PBXFileReference; lastKnownFileType = sourcecode.swift; path = AppDelegate.swift; sourceTree = "<group>"; };
		6FB11AE8229BDDBD0098D050 /* Base */ = {isa = PBXFileReference; lastKnownFileType = file.storyboard; name = Base; path = Base.lproj/Main.storyboard; sourceTree = "<group>"; };
		6FB11AEA229BDDBE0098D050 /* Assets.xcassets */ = {isa = PBXFileReference; lastKnownFileType = folder.assetcatalog; path = Assets.xcassets; sourceTree = "<group>"; };
		6FB11AEF229BDDBE0098D050 /* Info.plist */ = {isa = PBXFileReference; lastKnownFileType = text.plist.xml; path = Info.plist; sourceTree = "<group>"; };
		6FB11AF6229BE2400098D050 /* Gotham-Medium.otf */ = {isa = PBXFileReference; lastKnownFileType = file; path = "Gotham-Medium.otf"; sourceTree = "<group>"; };
		6FB11AF7229BE2400098D050 /* Gotham-Book.otf */ = {isa = PBXFileReference; lastKnownFileType = file; path = "Gotham-Book.otf"; sourceTree = "<group>"; };
		6FB11AFA229BF0590098D050 /* TabBarController.swift */ = {isa = PBXFileReference; lastKnownFileType = sourcecode.swift; path = TabBarController.swift; sourceTree = "<group>"; };
		6FB11AFC229BF36B0098D050 /* LaunchScreen.storyboard */ = {isa = PBXFileReference; fileEncoding = 4; lastKnownFileType = file.storyboard; path = LaunchScreen.storyboard; sourceTree = "<group>"; };
		6FB11B04229BFA120098D050 /* HomeViewController.swift */ = {isa = PBXFileReference; lastKnownFileType = sourcecode.swift; path = HomeViewController.swift; sourceTree = "<group>"; };
		6FB11B06229BFA240098D050 /* CallsViewController.swift */ = {isa = PBXFileReference; lastKnownFileType = sourcecode.swift; path = CallsViewController.swift; sourceTree = "<group>"; };
		6FB11B08229BFA310098D050 /* SMSViewController.swift */ = {isa = PBXFileReference; lastKnownFileType = sourcecode.swift; name = SMSViewController.swift; path = ../SMSViewController.swift; sourceTree = "<group>"; };
		6FB11B0A229BFA3C0098D050 /* SettingsViewController.swift */ = {isa = PBXFileReference; lastKnownFileType = sourcecode.swift; path = SettingsViewController.swift; sourceTree = "<group>"; };
		6FB11B0C229BFA430098D050 /* MoreViewController.swift */ = {isa = PBXFileReference; lastKnownFileType = sourcecode.swift; path = MoreViewController.swift; sourceTree = "<group>"; };
		6FB11B0F229C23840098D050 /* Extensions.swift */ = {isa = PBXFileReference; lastKnownFileType = sourcecode.swift; path = Extensions.swift; sourceTree = "<group>"; };
		6FB11B11229C31DF0098D050 /* Enums.swift */ = {isa = PBXFileReference; lastKnownFileType = sourcecode.swift; path = Enums.swift; sourceTree = "<group>"; };
		6FB11B13229C3FCA0098D050 /* BadgeBarItem.swift */ = {isa = PBXFileReference; lastKnownFileType = sourcecode.swift; path = BadgeBarItem.swift; sourceTree = "<group>"; };
		6FB11B15229D05E00098D050 /* UserDefaults.swift */ = {isa = PBXFileReference; lastKnownFileType = sourcecode.swift; path = UserDefaults.swift; sourceTree = "<group>"; };
		6FB11B18229D06BB0098D050 /* CustomUtils.swift */ = {isa = PBXFileReference; lastKnownFileType = sourcecode.swift; path = CustomUtils.swift; sourceTree = "<group>"; };
		6FB11B1A229D07050098D050 /* LoginViewController.swift */ = {isa = PBXFileReference; lastKnownFileType = sourcecode.swift; path = LoginViewController.swift; sourceTree = "<group>"; };
		6FB11B1C229D19E10098D050 /* NetworkManager.swift */ = {isa = PBXFileReference; lastKnownFileType = sourcecode.swift; path = NetworkManager.swift; sourceTree = "<group>"; };
		6FB11B1E229D88510098D050 /* SectionItem.swift */ = {isa = PBXFileReference; lastKnownFileType = sourcecode.swift; path = SectionItem.swift; sourceTree = "<group>"; };
		6FB11B20229D894A0098D050 /* SectionItemCell.swift */ = {isa = PBXFileReference; lastKnownFileType = sourcecode.swift; path = SectionItemCell.swift; sourceTree = "<group>"; };
		6FB11B24229E59F00098D050 /* Config.swift */ = {isa = PBXFileReference; lastKnownFileType = sourcecode.swift; path = Config.swift; sourceTree = "<group>"; };
		6FB11B26229E5F6F0098D050 /* AuthenticationService.swift */ = {isa = PBXFileReference; lastKnownFileType = sourcecode.swift; path = AuthenticationService.swift; sourceTree = "<group>"; };
		6FB11B28229E75710098D050 /* FirebaseAuthService.swift */ = {isa = PBXFileReference; lastKnownFileType = sourcecode.swift; path = FirebaseAuthService.swift; sourceTree = "<group>"; };
		6FB11B2A229EA7C20098D050 /* Codable.swift */ = {isa = PBXFileReference; lastKnownFileType = sourcecode.swift; path = Codable.swift; sourceTree = "<group>"; };
		6FB11B2C229EB4C40098D050 /* RemindersViewController.swift */ = {isa = PBXFileReference; lastKnownFileType = sourcecode.swift; path = RemindersViewController.swift; sourceTree = "<group>"; };
		6FB11B2E229EB4F20098D050 /* FollowUpViewController.swift */ = {isa = PBXFileReference; lastKnownFileType = sourcecode.swift; path = FollowUpViewController.swift; sourceTree = "<group>"; };
		6FB11B30229EB5020098D050 /* CallGroupsViewController.swift */ = {isa = PBXFileReference; lastKnownFileType = sourcecode.swift; path = CallGroupsViewController.swift; sourceTree = "<group>"; };
		6FB11B32229EB5190098D050 /* OnlineUsersViewController.swift */ = {isa = PBXFileReference; lastKnownFileType = sourcecode.swift; path = OnlineUsersViewController.swift; sourceTree = "<group>"; };
		6FB11B34229ED6740098D050 /* GoogleService-Info.plist */ = {isa = PBXFileReference; fileEncoding = 4; lastKnownFileType = text.plist.xml; path = "GoogleService-Info.plist"; sourceTree = "<group>"; };
		6FB11B36229EF42F0098D050 /* ManageAgentsViewController.swift */ = {isa = PBXFileReference; lastKnownFileType = sourcecode.swift; path = ManageAgentsViewController.swift; sourceTree = "<group>"; };
		6FB11B38229EF4430098D050 /* GalleryViewController.swift */ = {isa = PBXFileReference; lastKnownFileType = sourcecode.swift; path = GalleryViewController.swift; sourceTree = "<group>"; };
		6FB11B3A229EF4500098D050 /* BlockedUsersViewController.swift */ = {isa = PBXFileReference; lastKnownFileType = sourcecode.swift; path = BlockedUsersViewController.swift; sourceTree = "<group>"; };
		6FB11B3C229EF4690098D050 /* ArchivedSMSViewController.swift */ = {isa = PBXFileReference; lastKnownFileType = sourcecode.swift; path = ArchivedSMSViewController.swift; sourceTree = "<group>"; };
		6FB11B40229F7A290098D050 /* ManageAgentsCell.swift */ = {isa = PBXFileReference; lastKnownFileType = sourcecode.swift; path = ManageAgentsCell.swift; sourceTree = "<group>"; };
		6FB11B4322A2A2E10098D050 /* Telabook.xcdatamodel */ = {isa = PBXFileReference; lastKnownFileType = wrapper.xcdatamodel; path = Telabook.xcdatamodel; sourceTree = "<group>"; };
		6FB11B4522A2A5110098D050 /* PersistenceService.swift */ = {isa = PBXFileReference; lastKnownFileType = sourcecode.swift; name = PersistenceService.swift; path = ../PersistenceService.swift; sourceTree = "<group>"; };
		6FB11B4722A462340098D050 /* Telabook.entitlements */ = {isa = PBXFileReference; lastKnownFileType = text.plist.entitlements; path = Telabook.entitlements; sourceTree = "<group>"; };
		6FB11B4822A503E00098D050 /* SMSCell.swift */ = {isa = PBXFileReference; lastKnownFileType = sourcecode.swift; path = SMSCell.swift; sourceTree = "<group>"; };
		6FB8EA3E22AA34B600294EAC /* ChatColorHelpers.swift */ = {isa = PBXFileReference; lastKnownFileType = sourcecode.swift; path = ChatColorHelpers.swift; sourceTree = "<group>"; };
		6FB8EA4022AA371900294EAC /* SMSDetailVCExtensions.swift */ = {isa = PBXFileReference; lastKnownFileType = sourcecode.swift; path = SMSDetailVCExtensions.swift; sourceTree = "<group>"; };
		6FB8EA4222AA596A00294EAC /* ChatArchivingHelpers.swift */ = {isa = PBXFileReference; lastKnownFileType = sourcecode.swift; path = ChatArchivingHelpers.swift; sourceTree = "<group>"; };
		6FB8EA4422AA6BCE00294EAC /* SMSVCExtensions.swift */ = {isa = PBXFileReference; lastKnownFileType = sourcecode.swift; path = SMSVCExtensions.swift; sourceTree = "<group>"; };
		6FBDEC7522B28D4D00A8511E /* NewContactViewController.swift */ = {isa = PBXFileReference; lastKnownFileType = sourcecode.swift; path = NewContactViewController.swift; sourceTree = "<group>"; };
		6FBDEC7722B28D5E00A8511E /* EditDetailsViewController.swift */ = {isa = PBXFileReference; lastKnownFileType = sourcecode.swift; path = EditDetailsViewController.swift; sourceTree = "<group>"; };
		6FBDEC7922B3D3C200A8511E /* SMSDetailVCChatExtensions.swift */ = {isa = PBXFileReference; lastKnownFileType = sourcecode.swift; path = SMSDetailVCChatExtensions.swift; sourceTree = "<group>"; };
		6FBDEC7B22B3F1DA00A8511E /* SMSDetailVC+CollectionView.swift */ = {isa = PBXFileReference; lastKnownFileType = sourcecode.swift; path = "SMSDetailVC+CollectionView.swift"; sourceTree = "<group>"; };
		6FEF969F22A50F4A00F2FF83 /* InternalConversationsAPI.swift */ = {isa = PBXFileReference; lastKnownFileType = sourcecode.swift; path = InternalConversationsAPI.swift; sourceTree = "<group>"; };
		6FEF96A122A6677900F2FF83 /* ExternalConversation.swift */ = {isa = PBXFileReference; lastKnownFileType = sourcecode.swift; path = ExternalConversation.swift; sourceTree = "<group>"; };
		6FEF96A322A6679400F2FF83 /* ExternalConversationsAPI.swift */ = {isa = PBXFileReference; lastKnownFileType = sourcecode.swift; path = ExternalConversationsAPI.swift; sourceTree = "<group>"; };
		6FEF96A522A67F2900F2FF83 /* SMSDetailViewController.swift */ = {isa = PBXFileReference; lastKnownFileType = sourcecode.swift; path = SMSDetailViewController.swift; sourceTree = "<group>"; };
		6FEF96A722A682E700F2FF83 /* SMSDetailCell.swift */ = {isa = PBXFileReference; lastKnownFileType = sourcecode.swift; path = SMSDetailCell.swift; sourceTree = "<group>"; };
		6FEF96A922A7BDCA00F2FF83 /* ExternalConversationsAPIProtocol.swift */ = {isa = PBXFileReference; lastKnownFileType = sourcecode.swift; path = ExternalConversationsAPIProtocol.swift; sourceTree = "<group>"; };
		C2EE0DDF9E6F5A65BD369028 /* Pods-Telabook.debug.xcconfig */ = {isa = PBXFileReference; includeInIndex = 1; lastKnownFileType = text.xcconfig; name = "Pods-Telabook.debug.xcconfig"; path = "Target Support Files/Pods-Telabook/Pods-Telabook.debug.xcconfig"; sourceTree = "<group>"; };
		DD0234C0225DA725AC83D099 /* Pods-Telabook.release.xcconfig */ = {isa = PBXFileReference; includeInIndex = 1; lastKnownFileType = text.xcconfig; name = "Pods-Telabook.release.xcconfig"; path = "Target Support Files/Pods-Telabook/Pods-Telabook.release.xcconfig"; sourceTree = "<group>"; };
/* End PBXFileReference section */

/* Begin PBXFrameworksBuildPhase section */
		6FB11ADD229BDDBD0098D050 /* Frameworks */ = {
			isa = PBXFrameworksBuildPhase;
			buildActionMask = 2147483647;
			files = (
				75CA0A53E250757B0D89EA60 /* Pods_Telabook.framework in Frameworks */,
			);
			runOnlyForDeploymentPostprocessing = 0;
		};
/* End PBXFrameworksBuildPhase section */

/* Begin PBXGroup section */
		1586A43250115E53D6CA2E61 /* Frameworks */ = {
			isa = PBXGroup;
			children = (
				1482E3F11B70E4874878A5EE /* Pods_Telabook.framework */,
			);
			name = Frameworks;
			sourceTree = "<group>";
		};
		6F6EAB2E22A507920096365A /* View */ = {
			isa = PBXGroup;
			children = (
				6FB11B4822A503E00098D050 /* SMSCell.swift */,
				6FEF96A722A682E700F2FF83 /* SMSDetailCell.swift */,
			);
			path = View;
			sourceTree = "<group>";
		};
		6F6EAB2F22A507E50096365A /* Model */ = {
			isa = PBXGroup;
			children = (
				6F6EAB3022A508380096365A /* InternalConversation.swift */,
				6FEF96A122A6677900F2FF83 /* ExternalConversation.swift */,
				6F9011D522ACCA900046F5E3 /* Message.swift */,
			);
			name = Model;
			path = View/Model;
			sourceTree = "<group>";
		};
		6F9011D222AC3A9B0046F5E3 /* Extensions+Helpers */ = {
			isa = PBXGroup;
			children = (
				6FB8EA4422AA6BCE00294EAC /* SMSVCExtensions.swift */,
				6F9011D722B12BC40046F5E3 /* SMSDetailVCCoreDataHelpers.swift */,
				6FB8EA4022AA371900294EAC /* SMSDetailVCExtensions.swift */,
				6FB8EA3E22AA34B600294EAC /* ChatColorHelpers.swift */,
				6FB8EA4222AA596A00294EAC /* ChatArchivingHelpers.swift */,
			);
			path = "Extensions+Helpers";
			sourceTree = "<group>";
		};
		6FB11AD7229BDDBD0098D050 = {
			isa = PBXGroup;
			children = (
				6FB11AE2229BDDBD0098D050 /* Telabook */,
				6FB11AE1229BDDBD0098D050 /* Products */,
				9D78E82FCB5E6192D5C81890 /* Pods */,
				1586A43250115E53D6CA2E61 /* Frameworks */,
			);
			sourceTree = "<group>";
		};
		6FB11AE1229BDDBD0098D050 /* Products */ = {
			isa = PBXGroup;
			children = (
				6FB11AE0229BDDBD0098D050 /* Telabook.app */,
			);
			name = Products;
			sourceTree = "<group>";
		};
		6FB11AE2229BDDBD0098D050 /* Telabook */ = {
			isa = PBXGroup;
			children = (
				6FB11B4722A462340098D050 /* Telabook.entitlements */,
				6FB11AFC229BF36B0098D050 /* LaunchScreen.storyboard */,
				6FB11AE7229BDDBD0098D050 /* Main.storyboard */,
				6FB11AEF229BDDBE0098D050 /* Info.plist */,
				6FB11B34229ED6740098D050 /* GoogleService-Info.plist */,
				6FB11B4222A2A2E10098D050 /* Telabook.xcdatamodeld */,
				6FB11AEA229BDDBE0098D050 /* Assets.xcassets */,
				6FB11AE3229BDDBD0098D050 /* AppDelegate.swift */,
				6FB11AFA229BF0590098D050 /* TabBarController.swift */,
				6FB11B1A229D07050098D050 /* LoginViewController.swift */,
				6FB11B17229D06880098D050 /* Services */,
				6FB11B0E229C236B0098D050 /* Utils */,
				6FB11AFE229BF9680098D050 /* Home */,
				6FB11AFF229BF9720098D050 /* Calls */,
				6FB11B01229BF9AA0098D050 /* SMS */,
				6FB11B02229BF9B90098D050 /* Settings */,
				6FB11B03229BF9DA0098D050 /* More */,
				6FB11AF5229BE2400098D050 /* Fonts */,
			);
			path = Telabook;
			sourceTree = "<group>";
		};
		6FB11AF5229BE2400098D050 /* Fonts */ = {
			isa = PBXGroup;
			children = (
				6FB11AF6229BE2400098D050 /* Gotham-Medium.otf */,
				6FB11AF7229BE2400098D050 /* Gotham-Book.otf */,
			);
			name = Fonts;
			path = Telabook/Fonts;
			sourceTree = SOURCE_ROOT;
		};
		6FB11AFE229BF9680098D050 /* Home */ = {
			isa = PBXGroup;
			children = (
				6FB11B04229BFA120098D050 /* HomeViewController.swift */,
				6FB11B1E229D88510098D050 /* SectionItem.swift */,
				6FB11B20229D894A0098D050 /* SectionItemCell.swift */,
				6FB11B2C229EB4C40098D050 /* RemindersViewController.swift */,
				6FB11B2E229EB4F20098D050 /* FollowUpViewController.swift */,
				6F29FD5022B8B36400BCA2AB /* FollowUpCell.swift */,
				6FB11B30229EB5020098D050 /* CallGroupsViewController.swift */,
				6FB11B32229EB5190098D050 /* OnlineUsersViewController.swift */,
			);
			path = Home;
			sourceTree = "<group>";
		};
		6FB11AFF229BF9720098D050 /* Calls */ = {
			isa = PBXGroup;
			children = (
				6FB11B06229BFA240098D050 /* CallsViewController.swift */,
			);
			path = Calls;
			sourceTree = "<group>";
		};
		6FB11B01229BF9AA0098D050 /* SMS */ = {
			isa = PBXGroup;
			children = (
				6FEF969E22A50F2000F2FF83 /* API */,
				6F6EAB2F22A507E50096365A /* Model */,
				6F6EAB2E22A507920096365A /* View */,
				6FB11B4A22A507120098D050 /* Controller */,
				6F9011D222AC3A9B0046F5E3 /* Extensions+Helpers */,
			);
			path = SMS;
			sourceTree = "<group>";
		};
		6FB11B02229BF9B90098D050 /* Settings */ = {
			isa = PBXGroup;
			children = (
				6FB11B0A229BFA3C0098D050 /* SettingsViewController.swift */,
			);
			path = Settings;
			sourceTree = "<group>";
		};
		6FB11B03229BF9DA0098D050 /* More */ = {
			isa = PBXGroup;
			children = (
				6FB11B0C229BFA430098D050 /* MoreViewController.swift */,
				6FB11B36229EF42F0098D050 /* ManageAgentsViewController.swift */,
				6FB11B40229F7A290098D050 /* ManageAgentsCell.swift */,
				6FB11B38229EF4430098D050 /* GalleryViewController.swift */,
				6FB11B3A229EF4500098D050 /* BlockedUsersViewController.swift */,
				6FB11B3C229EF4690098D050 /* ArchivedSMSViewController.swift */,
			);
			path = More;
			sourceTree = "<group>";
		};
		6FB11B0E229C236B0098D050 /* Utils */ = {
			isa = PBXGroup;
			children = (
				6FB11B0F229C23840098D050 /* Extensions.swift */,
				6F29FD4E22B7E28700BCA2AB /* OverlaySpinner.swift */,
				6FB11B2A229EA7C20098D050 /* Codable.swift */,
				6FB11B1C229D19E10098D050 /* NetworkManager.swift */,
				6FB11B18229D06BB0098D050 /* CustomUtils.swift */,
				6FB11B24229E59F00098D050 /* Config.swift */,
				6FB11B13229C3FCA0098D050 /* BadgeBarItem.swift */,
				6FB11B15229D05E00098D050 /* UserDefaults.swift */,
				6FB11B11229C31DF0098D050 /* Enums.swift */,
			);
			path = Utils;
			sourceTree = "<group>";
		};
		6FB11B17229D06880098D050 /* Services */ = {
			isa = PBXGroup;
			children = (
				6FB11B26229E5F6F0098D050 /* AuthenticationService.swift */,
				6FB11B28229E75710098D050 /* FirebaseAuthService.swift */,
				6FB11B4522A2A5110098D050 /* PersistenceService.swift */,
			);
			path = Services;
			sourceTree = "<group>";
		};
		6FB11B4A22A507120098D050 /* Controller */ = {
			isa = PBXGroup;
			children = (
				6FB11B08229BFA310098D050 /* SMSViewController.swift */,
				6FEF96A522A67F2900F2FF83 /* SMSDetailViewController.swift */,
				6FBDEC7B22B3F1DA00A8511E /* SMSDetailVC+CollectionView.swift */,
				6FBDEC7922B3D3C200A8511E /* SMSDetailVCChatExtensions.swift */,
				6FBDEC7522B28D4D00A8511E /* NewContactViewController.swift */,
				6FBDEC7722B28D5E00A8511E /* EditDetailsViewController.swift */,
				6F29FD5622BBB1C100BCA2AB /* CustomerDetailsViewController.swift */,
				6F29FD5222B8FFD100BCA2AB /* CustomHeaderView.swift */,
				6F29FD5422B909A600BCA2AB /* TextInputCell.swift */,
				6F9011D322AC3B130046F5E3 /* ChatViewController.swift */,
			);
			path = Controller;
			sourceTree = "<group>";
		};
		6FEF969E22A50F2000F2FF83 /* API */ = {
			isa = PBXGroup;
			children = (
				6FEF969F22A50F4A00F2FF83 /* InternalConversationsAPI.swift */,
				6FEF96A322A6679400F2FF83 /* ExternalConversationsAPI.swift */,
				6FEF96A922A7BDCA00F2FF83 /* ExternalConversationsAPIProtocol.swift */,
			);
			path = API;
			sourceTree = "<group>";
		};
		9D78E82FCB5E6192D5C81890 /* Pods */ = {
			isa = PBXGroup;
			children = (
				C2EE0DDF9E6F5A65BD369028 /* Pods-Telabook.debug.xcconfig */,
				DD0234C0225DA725AC83D099 /* Pods-Telabook.release.xcconfig */,
			);
			path = Pods;
			sourceTree = "<group>";
		};
/* End PBXGroup section */

/* Begin PBXNativeTarget section */
		6FB11ADF229BDDBD0098D050 /* Telabook */ = {
			isa = PBXNativeTarget;
			buildConfigurationList = 6FB11AF2229BDDBE0098D050 /* Build configuration list for PBXNativeTarget "Telabook" */;
			buildPhases = (
				926EF91E3172470E118E13FF /* [CP] Check Pods Manifest.lock */,
				6FB11ADC229BDDBD0098D050 /* Sources */,
				6FB11ADD229BDDBD0098D050 /* Frameworks */,
				6FB11ADE229BDDBD0098D050 /* Resources */,
				5646E3938B5A1BA63F7B5BC0 /* [CP] Embed Pods Frameworks */,
			);
			buildRules = (
			);
			dependencies = (
			);
			name = Telabook;
			productName = Telabook;
			productReference = 6FB11AE0229BDDBD0098D050 /* Telabook.app */;
			productType = "com.apple.product-type.application";
		};
/* End PBXNativeTarget section */

/* Begin PBXProject section */
		6FB11AD8229BDDBD0098D050 /* Project object */ = {
			isa = PBXProject;
			attributes = {
				LastSwiftUpdateCheck = 1020;
				LastUpgradeCheck = 1020;
				ORGANIZATIONNAME = Natovi;
				TargetAttributes = {
					6FB11ADF229BDDBD0098D050 = {
						CreatedOnToolsVersion = 10.2.1;
						SystemCapabilities = {
							com.apple.BackgroundModes = {
								enabled = 1;
							};
							com.apple.Push = {
								enabled = 1;
							};
						};
					};
				};
			};
			buildConfigurationList = 6FB11ADB229BDDBD0098D050 /* Build configuration list for PBXProject "Telabook" */;
			compatibilityVersion = "Xcode 9.3";
			developmentRegion = en;
			hasScannedForEncodings = 0;
			knownRegions = (
				en,
				Base,
			);
			mainGroup = 6FB11AD7229BDDBD0098D050;
			productRefGroup = 6FB11AE1229BDDBD0098D050 /* Products */;
			projectDirPath = "";
			projectRoot = "";
			targets = (
				6FB11ADF229BDDBD0098D050 /* Telabook */,
			);
		};
/* End PBXProject section */

/* Begin PBXResourcesBuildPhase section */
		6FB11ADE229BDDBD0098D050 /* Resources */ = {
			isa = PBXResourcesBuildPhase;
			buildActionMask = 2147483647;
			files = (
				6FB11AEB229BDDBE0098D050 /* Assets.xcassets in Resources */,
				6FB11AF9229BE2400098D050 /* Gotham-Book.otf in Resources */,
				6FB11AF8229BE2400098D050 /* Gotham-Medium.otf in Resources */,
				6FB11AFD229BF36B0098D050 /* LaunchScreen.storyboard in Resources */,
				6FB11AE9229BDDBD0098D050 /* Main.storyboard in Resources */,
				6FB11B35229ED6750098D050 /* GoogleService-Info.plist in Resources */,
			);
			runOnlyForDeploymentPostprocessing = 0;
		};
/* End PBXResourcesBuildPhase section */

/* Begin PBXShellScriptBuildPhase section */
		5646E3938B5A1BA63F7B5BC0 /* [CP] Embed Pods Frameworks */ = {
			isa = PBXShellScriptBuildPhase;
			buildActionMask = 2147483647;
			files = (
			);
			inputFileListPaths = (
			);
			inputPaths = (
				"${PODS_ROOT}/Target Support Files/Pods-Telabook/Pods-Telabook-frameworks.sh",
				"${BUILT_PRODUCTS_DIR}/GTMSessionFetcher/GTMSessionFetcher.framework",
				"${BUILT_PRODUCTS_DIR}/GoogleUtilities/GoogleUtilities.framework",
				"${BUILT_PRODUCTS_DIR}/MessageInputBar/MessageInputBar.framework",
				"${BUILT_PRODUCTS_DIR}/MessageKit/MessageKit.framework",
				"${BUILT_PRODUCTS_DIR}/Protobuf/Protobuf.framework",
				"${BUILT_PRODUCTS_DIR}/ReachabilitySwift/Reachability.framework",
				"${BUILT_PRODUCTS_DIR}/leveldb-library/leveldb.framework",
				"${BUILT_PRODUCTS_DIR}/nanopb/nanopb.framework",
			);
			name = "[CP] Embed Pods Frameworks";
			outputFileListPaths = (
			);
			outputPaths = (
				"${TARGET_BUILD_DIR}/${FRAMEWORKS_FOLDER_PATH}/GTMSessionFetcher.framework",
				"${TARGET_BUILD_DIR}/${FRAMEWORKS_FOLDER_PATH}/GoogleUtilities.framework",
				"${TARGET_BUILD_DIR}/${FRAMEWORKS_FOLDER_PATH}/MessageInputBar.framework",
				"${TARGET_BUILD_DIR}/${FRAMEWORKS_FOLDER_PATH}/MessageKit.framework",
				"${TARGET_BUILD_DIR}/${FRAMEWORKS_FOLDER_PATH}/Protobuf.framework",
				"${TARGET_BUILD_DIR}/${FRAMEWORKS_FOLDER_PATH}/Reachability.framework",
				"${TARGET_BUILD_DIR}/${FRAMEWORKS_FOLDER_PATH}/leveldb.framework",
				"${TARGET_BUILD_DIR}/${FRAMEWORKS_FOLDER_PATH}/nanopb.framework",
			);
			runOnlyForDeploymentPostprocessing = 0;
			shellPath = /bin/sh;
			shellScript = "\"${PODS_ROOT}/Target Support Files/Pods-Telabook/Pods-Telabook-frameworks.sh\"\n";
			showEnvVarsInLog = 0;
		};
		926EF91E3172470E118E13FF /* [CP] Check Pods Manifest.lock */ = {
			isa = PBXShellScriptBuildPhase;
			buildActionMask = 2147483647;
			files = (
			);
			inputFileListPaths = (
			);
			inputPaths = (
				"${PODS_PODFILE_DIR_PATH}/Podfile.lock",
				"${PODS_ROOT}/Manifest.lock",
			);
			name = "[CP] Check Pods Manifest.lock";
			outputFileListPaths = (
			);
			outputPaths = (
				"$(DERIVED_FILE_DIR)/Pods-Telabook-checkManifestLockResult.txt",
			);
			runOnlyForDeploymentPostprocessing = 0;
			shellPath = /bin/sh;
			shellScript = "diff \"${PODS_PODFILE_DIR_PATH}/Podfile.lock\" \"${PODS_ROOT}/Manifest.lock\" > /dev/null\nif [ $? != 0 ] ; then\n    # print error to STDERR\n    echo \"error: The sandbox is not in sync with the Podfile.lock. Run 'pod install' or update your CocoaPods installation.\" >&2\n    exit 1\nfi\n# This output is used by Xcode 'outputs' to avoid re-running this script phase.\necho \"SUCCESS\" > \"${SCRIPT_OUTPUT_FILE_0}\"\n";
			showEnvVarsInLog = 0;
		};
/* End PBXShellScriptBuildPhase section */

/* Begin PBXSourcesBuildPhase section */
		6FB11ADC229BDDBD0098D050 /* Sources */ = {
			isa = PBXSourcesBuildPhase;
			buildActionMask = 2147483647;
			files = (
				6FB11B33229EB5190098D050 /* OnlineUsersViewController.swift in Sources */,
				6FB11AFB229BF0590098D050 /* TabBarController.swift in Sources */,
				6F9011D422AC3B130046F5E3 /* ChatViewController.swift in Sources */,
				6FB11B29229E75710098D050 /* FirebaseAuthService.swift in Sources */,
				6FB8EA3F22AA34B600294EAC /* ChatColorHelpers.swift in Sources */,
				6F29FD5522B909A600BCA2AB /* TextInputCell.swift in Sources */,
				6FBDEC7822B28D5E00A8511E /* EditDetailsViewController.swift in Sources */,
				6FB11B37229EF4300098D050 /* ManageAgentsViewController.swift in Sources */,
				6FEF96A222A6677900F2FF83 /* ExternalConversation.swift in Sources */,
				6FB8EA4122AA371900294EAC /* SMSDetailVCExtensions.swift in Sources */,
				6FEF96A622A67F2900F2FF83 /* SMSDetailViewController.swift in Sources */,
				6FB11B0B229BFA3C0098D050 /* SettingsViewController.swift in Sources */,
				6FB11B39229EF4430098D050 /* GalleryViewController.swift in Sources */,
				6FBDEC7622B28D4D00A8511E /* NewContactViewController.swift in Sources */,
				6FB11B3D229EF4690098D050 /* ArchivedSMSViewController.swift in Sources */,
				6F9011D622ACCA900046F5E3 /* Message.swift in Sources */,
				6FB11B09229BFA310098D050 /* SMSViewController.swift in Sources */,
				6FB11B27229E5F6F0098D050 /* AuthenticationService.swift in Sources */,
				6FB11B31229EB5020098D050 /* CallGroupsViewController.swift in Sources */,
				6FBDEC7C22B3F1DA00A8511E /* SMSDetailVC+CollectionView.swift in Sources */,
				6FB11B1F229D88510098D050 /* SectionItem.swift in Sources */,
				6F6EAB3122A508380096365A /* InternalConversation.swift in Sources */,
				6F29FD5322B8FFD100BCA2AB /* CustomHeaderView.swift in Sources */,
				6FEF96A022A50F4A00F2FF83 /* InternalConversationsAPI.swift in Sources */,
				6FB11B25229E59F00098D050 /* Config.swift in Sources */,
				6FB11B21229D894A0098D050 /* SectionItemCell.swift in Sources */,
				6FB11B2D229EB4C40098D050 /* RemindersViewController.swift in Sources */,
				6FB11B4422A2A2E10098D050 /* Telabook.xcdatamodeld in Sources */,
				6FB11B16229D05E00098D050 /* UserDefaults.swift in Sources */,
				6FB11B10229C23840098D050 /* Extensions.swift in Sources */,
				6FEF96AA22A7BDCA00F2FF83 /* ExternalConversationsAPIProtocol.swift in Sources */,
				6FB11AE4229BDDBD0098D050 /* AppDelegate.swift in Sources */,
				6FB11B3B229EF4500098D050 /* BlockedUsersViewController.swift in Sources */,
				6F9011D822B12BC40046F5E3 /* SMSDetailVCCoreDataHelpers.swift in Sources */,
				6F29FD4F22B7E28700BCA2AB /* OverlaySpinner.swift in Sources */,
				6FB11B0D229BFA430098D050 /* MoreViewController.swift in Sources */,
				6FB11B14229C3FCA0098D050 /* BadgeBarItem.swift in Sources */,
				6FEF96A422A6679400F2FF83 /* ExternalConversationsAPI.swift in Sources */,
				6FB11B19229D06BB0098D050 /* CustomUtils.swift in Sources */,
				6FB11B07229BFA240098D050 /* CallsViewController.swift in Sources */,
				6FB8EA4322AA596A00294EAC /* ChatArchivingHelpers.swift in Sources */,
				6FEF96A822A682E700F2FF83 /* SMSDetailCell.swift in Sources */,
				6FB11B1D229D19E10098D050 /* NetworkManager.swift in Sources */,
				6F29FD5122B8B36400BCA2AB /* FollowUpCell.swift in Sources */,
				6FB11B41229F7A290098D050 /* ManageAgentsCell.swift in Sources */,
				6FB11B12229C31DF0098D050 /* Enums.swift in Sources */,
				6FBDEC7A22B3D3C200A8511E /* SMSDetailVCChatExtensions.swift in Sources */,
				6FB11B2F229EB4F20098D050 /* FollowUpViewController.swift in Sources */,
				6FB11B4922A503E00098D050 /* SMSCell.swift in Sources */,
				6FB11B4622A2A5110098D050 /* PersistenceService.swift in Sources */,
				6FB8EA4522AA6BCE00294EAC /* SMSVCExtensions.swift in Sources */,
				6FB11B1B229D07050098D050 /* LoginViewController.swift in Sources */,
				6FB11B2B229EA7C20098D050 /* Codable.swift in Sources */,
				6F29FD5722BBB1C300BCA2AB /* CustomerDetailsViewController.swift in Sources */,
				6FB11B05229BFA120098D050 /* HomeViewController.swift in Sources */,
			);
			runOnlyForDeploymentPostprocessing = 0;
		};
/* End PBXSourcesBuildPhase section */

/* Begin PBXVariantGroup section */
		6FB11AE7229BDDBD0098D050 /* Main.storyboard */ = {
			isa = PBXVariantGroup;
			children = (
				6FB11AE8229BDDBD0098D050 /* Base */,
			);
			name = Main.storyboard;
			sourceTree = "<group>";
		};
/* End PBXVariantGroup section */

/* Begin XCBuildConfiguration section */
		6FB11AF0229BDDBE0098D050 /* Debug */ = {
			isa = XCBuildConfiguration;
			buildSettings = {
				ALWAYS_SEARCH_USER_PATHS = NO;
				CLANG_ANALYZER_NONNULL = YES;
				CLANG_ANALYZER_NUMBER_OBJECT_CONVERSION = YES_AGGRESSIVE;
				CLANG_CXX_LANGUAGE_STANDARD = "gnu++14";
				CLANG_CXX_LIBRARY = "libc++";
				CLANG_ENABLE_MODULES = YES;
				CLANG_ENABLE_OBJC_ARC = YES;
				CLANG_ENABLE_OBJC_WEAK = YES;
				CLANG_WARN_BLOCK_CAPTURE_AUTORELEASING = YES;
				CLANG_WARN_BOOL_CONVERSION = YES;
				CLANG_WARN_COMMA = YES;
				CLANG_WARN_CONSTANT_CONVERSION = YES;
				CLANG_WARN_DEPRECATED_OBJC_IMPLEMENTATIONS = YES;
				CLANG_WARN_DIRECT_OBJC_ISA_USAGE = YES_ERROR;
				CLANG_WARN_DOCUMENTATION_COMMENTS = YES;
				CLANG_WARN_EMPTY_BODY = YES;
				CLANG_WARN_ENUM_CONVERSION = YES;
				CLANG_WARN_INFINITE_RECURSION = YES;
				CLANG_WARN_INT_CONVERSION = YES;
				CLANG_WARN_NON_LITERAL_NULL_CONVERSION = YES;
				CLANG_WARN_OBJC_IMPLICIT_RETAIN_SELF = YES;
				CLANG_WARN_OBJC_LITERAL_CONVERSION = YES;
				CLANG_WARN_OBJC_ROOT_CLASS = YES_ERROR;
				CLANG_WARN_RANGE_LOOP_ANALYSIS = YES;
				CLANG_WARN_STRICT_PROTOTYPES = YES;
				CLANG_WARN_SUSPICIOUS_MOVE = YES;
				CLANG_WARN_UNGUARDED_AVAILABILITY = YES_AGGRESSIVE;
				CLANG_WARN_UNREACHABLE_CODE = YES;
				CLANG_WARN__DUPLICATE_METHOD_MATCH = YES;
				CODE_SIGN_IDENTITY = "iPhone Developer";
				COPY_PHASE_STRIP = NO;
				DEBUG_INFORMATION_FORMAT = dwarf;
				ENABLE_STRICT_OBJC_MSGSEND = YES;
				ENABLE_TESTABILITY = YES;
				GCC_C_LANGUAGE_STANDARD = gnu11;
				GCC_DYNAMIC_NO_PIC = NO;
				GCC_NO_COMMON_BLOCKS = YES;
				GCC_OPTIMIZATION_LEVEL = 0;
				GCC_PREPROCESSOR_DEFINITIONS = (
					"DEBUG=1",
					"$(inherited)",
				);
				GCC_WARN_64_TO_32_BIT_CONVERSION = YES;
				GCC_WARN_ABOUT_RETURN_TYPE = YES_ERROR;
				GCC_WARN_UNDECLARED_SELECTOR = YES;
				GCC_WARN_UNINITIALIZED_AUTOS = YES_AGGRESSIVE;
				GCC_WARN_UNUSED_FUNCTION = YES;
				GCC_WARN_UNUSED_VARIABLE = YES;
				IPHONEOS_DEPLOYMENT_TARGET = 11.0;
				MTL_ENABLE_DEBUG_INFO = INCLUDE_SOURCE;
				MTL_FAST_MATH = YES;
				ONLY_ACTIVE_ARCH = YES;
				SDKROOT = iphoneos;
				SWIFT_ACTIVE_COMPILATION_CONDITIONS = DEBUG;
				SWIFT_OPTIMIZATION_LEVEL = "-Onone";
			};
			name = Debug;
		};
		6FB11AF1229BDDBE0098D050 /* Release */ = {
			isa = XCBuildConfiguration;
			buildSettings = {
				ALWAYS_SEARCH_USER_PATHS = NO;
				CLANG_ANALYZER_NONNULL = YES;
				CLANG_ANALYZER_NUMBER_OBJECT_CONVERSION = YES_AGGRESSIVE;
				CLANG_CXX_LANGUAGE_STANDARD = "gnu++14";
				CLANG_CXX_LIBRARY = "libc++";
				CLANG_ENABLE_MODULES = YES;
				CLANG_ENABLE_OBJC_ARC = YES;
				CLANG_ENABLE_OBJC_WEAK = YES;
				CLANG_WARN_BLOCK_CAPTURE_AUTORELEASING = YES;
				CLANG_WARN_BOOL_CONVERSION = YES;
				CLANG_WARN_COMMA = YES;
				CLANG_WARN_CONSTANT_CONVERSION = YES;
				CLANG_WARN_DEPRECATED_OBJC_IMPLEMENTATIONS = YES;
				CLANG_WARN_DIRECT_OBJC_ISA_USAGE = YES_ERROR;
				CLANG_WARN_DOCUMENTATION_COMMENTS = YES;
				CLANG_WARN_EMPTY_BODY = YES;
				CLANG_WARN_ENUM_CONVERSION = YES;
				CLANG_WARN_INFINITE_RECURSION = YES;
				CLANG_WARN_INT_CONVERSION = YES;
				CLANG_WARN_NON_LITERAL_NULL_CONVERSION = YES;
				CLANG_WARN_OBJC_IMPLICIT_RETAIN_SELF = YES;
				CLANG_WARN_OBJC_LITERAL_CONVERSION = YES;
				CLANG_WARN_OBJC_ROOT_CLASS = YES_ERROR;
				CLANG_WARN_RANGE_LOOP_ANALYSIS = YES;
				CLANG_WARN_STRICT_PROTOTYPES = YES;
				CLANG_WARN_SUSPICIOUS_MOVE = YES;
				CLANG_WARN_UNGUARDED_AVAILABILITY = YES_AGGRESSIVE;
				CLANG_WARN_UNREACHABLE_CODE = YES;
				CLANG_WARN__DUPLICATE_METHOD_MATCH = YES;
				CODE_SIGN_IDENTITY = "iPhone Developer";
				COPY_PHASE_STRIP = NO;
				DEBUG_INFORMATION_FORMAT = "dwarf-with-dsym";
				ENABLE_NS_ASSERTIONS = NO;
				ENABLE_STRICT_OBJC_MSGSEND = YES;
				GCC_C_LANGUAGE_STANDARD = gnu11;
				GCC_NO_COMMON_BLOCKS = YES;
				GCC_WARN_64_TO_32_BIT_CONVERSION = YES;
				GCC_WARN_ABOUT_RETURN_TYPE = YES_ERROR;
				GCC_WARN_UNDECLARED_SELECTOR = YES;
				GCC_WARN_UNINITIALIZED_AUTOS = YES_AGGRESSIVE;
				GCC_WARN_UNUSED_FUNCTION = YES;
				GCC_WARN_UNUSED_VARIABLE = YES;
				IPHONEOS_DEPLOYMENT_TARGET = 11.0;
				MTL_ENABLE_DEBUG_INFO = NO;
				MTL_FAST_MATH = YES;
				SDKROOT = iphoneos;
				SWIFT_COMPILATION_MODE = wholemodule;
				SWIFT_OPTIMIZATION_LEVEL = "-O";
				VALIDATE_PRODUCT = YES;
			};
			name = Release;
		};
		6FB11AF3229BDDBE0098D050 /* Debug */ = {
			isa = XCBuildConfiguration;
			baseConfigurationReference = C2EE0DDF9E6F5A65BD369028 /* Pods-Telabook.debug.xcconfig */;
			buildSettings = {
				ASSETCATALOG_COMPILER_APPICON_NAME = AppIcon;
				CODE_SIGN_ENTITLEMENTS = Telabook/Telabook.entitlements;
				CODE_SIGN_STYLE = Automatic;
				DEVELOPMENT_TEAM = 7QD3V9UN4D;
				INFOPLIST_FILE = Telabook/Info.plist;
				IPHONEOS_DEPLOYMENT_TARGET = 11.0;
				LD_RUNPATH_SEARCH_PATHS = (
					"$(inherited)",
					"@executable_path/Frameworks",
				);
				PRODUCT_BUNDLE_IDENTIFIER = com.Natovi.Telabook;
				PRODUCT_NAME = "$(TARGET_NAME)";
				SWIFT_VERSION = 5.0;
				TARGETED_DEVICE_FAMILY = 1;
			};
			name = Debug;
		};
		6FB11AF4229BDDBE0098D050 /* Release */ = {
			isa = XCBuildConfiguration;
			baseConfigurationReference = DD0234C0225DA725AC83D099 /* Pods-Telabook.release.xcconfig */;
			buildSettings = {
				ASSETCATALOG_COMPILER_APPICON_NAME = AppIcon;
				CODE_SIGN_ENTITLEMENTS = Telabook/Telabook.entitlements;
				CODE_SIGN_STYLE = Automatic;
				DEVELOPMENT_TEAM = 7QD3V9UN4D;
				INFOPLIST_FILE = Telabook/Info.plist;
				IPHONEOS_DEPLOYMENT_TARGET = 11.0;
				LD_RUNPATH_SEARCH_PATHS = (
					"$(inherited)",
					"@executable_path/Frameworks",
				);
				PRODUCT_BUNDLE_IDENTIFIER = com.Natovi.Telabook;
				PRODUCT_NAME = "$(TARGET_NAME)";
				SWIFT_VERSION = 5.0;
				TARGETED_DEVICE_FAMILY = 1;
			};
			name = Release;
		};
/* End XCBuildConfiguration section */

/* Begin XCConfigurationList section */
		6FB11ADB229BDDBD0098D050 /* Build configuration list for PBXProject "Telabook" */ = {
			isa = XCConfigurationList;
			buildConfigurations = (
				6FB11AF0229BDDBE0098D050 /* Debug */,
				6FB11AF1229BDDBE0098D050 /* Release */,
			);
			defaultConfigurationIsVisible = 0;
			defaultConfigurationName = Release;
		};
		6FB11AF2229BDDBE0098D050 /* Build configuration list for PBXNativeTarget "Telabook" */ = {
			isa = XCConfigurationList;
			buildConfigurations = (
				6FB11AF3229BDDBE0098D050 /* Debug */,
				6FB11AF4229BDDBE0098D050 /* Release */,
			);
			defaultConfigurationIsVisible = 0;
			defaultConfigurationName = Release;
		};
/* End XCConfigurationList section */

/* Begin XCVersionGroup section */
		6FB11B4222A2A2E10098D050 /* Telabook.xcdatamodeld */ = {
			isa = XCVersionGroup;
			children = (
				6FB11B4322A2A2E10098D050 /* Telabook.xcdatamodel */,
			);
			currentVersion = 6FB11B4322A2A2E10098D050 /* Telabook.xcdatamodel */;
			path = Telabook.xcdatamodeld;
			sourceTree = "<group>";
			versionGroupType = wrapper.xcdatamodel;
		};
/* End XCVersionGroup section */
	};
	rootObject = 6FB11AD8229BDDBD0098D050 /* Project object */;
}
