PODS:
  - GooglePlaces (5.1.0)
  - InputBarAccessoryView (5.4.0):
    - InputBarAccessoryView/Core (= 5.4.0)
  - InputBarAccessoryView/Core (5.4.0)
  - linphone-sdk (4.4.7):
    - linphone-sdk/all-frameworks (= 4.4.7)
    - linphone-sdk/app-extension (= 4.4.7)
    - linphone-sdk/app-extension-swift (= 4.4.7)
    - linphone-sdk/basic-frameworks (= 4.4.7)
    - linphone-sdk/swift (= 4.4.7)
  - linphone-sdk/all-frameworks (4.4.7)
  - linphone-sdk/app-extension (4.4.7)
  - linphone-sdk/app-extension-swift (4.4.7):
    - linphone-sdk/app-extension
  - linphone-sdk/basic-frameworks (4.4.7):
    - linphone-sdk/app-extension
  - linphone-sdk/swift (4.4.7):
    - linphone-sdk/app-extension-swift
    - linphone-sdk/basic-frameworks
  - MessageKit (3.7.0):
    - InputBarAccessoryView (~> 5.4.0)
  - PINCache (3.0.3):
    - PINCache/Arc-exception-safe (= 3.0.3)
    - PINCache/Core (= 3.0.3)
  - PINCache/Arc-exception-safe (3.0.3):
    - PINCache/Core
  - PINCache/Core (3.0.3):
    - PINOperation (~> 1.2.1)
  - PINOperation (1.2.1)
  - PINRemoteImage (3.0.3):
    - PINRemoteImage/PINCache (= 3.0.3)
  - PINRemoteImage/Core (3.0.3):
    - PINOperation
  - PINRemoteImage/PINCache (3.0.3):
    - PINCache (~> 3.0.3)
    - PINRemoteImage/Core
  - ReachabilitySwift (5.0.0)

DEPENDENCIES:
  - GooglePlaces
  - linphone-sdk (= 4.4.7)
  - MessageKit
  - PINRemoteImage
  - ReachabilitySwift

SPEC REPOS:
  https://github.com/CocoaPods/Specs.git:
    - GooglePlaces
    - InputBarAccessoryView
    - MessageKit
    - PINCache
    - PINOperation
    - PINRemoteImage
    - ReachabilitySwift
  https://gitlab.linphone.org/BC/public/podspec.git:
    - linphone-sdk

SPEC CHECKSUMS:
  GooglePlaces: c57cd5aa7e91d10fa5106c792de74f3bd6436260
  InputBarAccessoryView: 74d471ab1fa1736806be50328df79257e52865a9
  linphone-sdk: e57cd8fb71a75fb14dc8cb725f66a8c5ac5983d7
  MessageKit: 8e76dd8d65ad44b49e1651c673497146416461e9
  PINCache: 7a8fc1a691173d21dbddbf86cd515de6efa55086
  PINOperation: 00c935935f1e8cf0d1e2d6b542e75b88fc3e5e20
  PINRemoteImage: f1295b29f8c5e640e25335a1b2bd9d805171bd01
  ReachabilitySwift: 985039c6f7b23a1da463388634119492ff86c825

PODFILE CHECKSUM: e35d3dc49a3ccf7ddd224274985c7811a21d95e9

COCOAPODS: 1.11.2
