{
  "object": {
    "pins": [
      {
        "package": "InteractiveModal",
        "repositoryURL": "https://github.com/anmolrajpal/InteractiveModal",
        "state": {
          "branch": null,
          "revision": "22484e15708ac8d3f719f73424d5247561d5df46",
          "version": "1.0.2"
        }
      },
      {
        "package": "MenuController",
        "repositoryURL": "https://github.com/anmolrajpal/MenuController.git",
        "state": {
          "branch": null,
          "revision": "b2f1b2a508f3c090e31596aa4a64a72e0b4b2f0d",
          "version": "1.0.2"
        }
      },
      {
        "package": "TOCropViewController",
        "repositoryURL": "https://github.com/TimOliver/TOCropViewController.git",
        "state": {
          "branch": null,
          "revision": "dad97167bf1be16aeecd109130900995dd01c515",
          "version": "2.6.0"
        }
      }
    ]
  },
  "version": 1
}
